{
  "name": "escape-puzzle-relay",
  "lockfileVersion": 3,
  "requires": true,
  "packages": {
    "": {
      "name": "escape-puzzle-relay",
      "dependencies": {
        "@anthropic-ai/sdk": "^0.76.0",
        "dotenv": "^17.3.1",
        "ws": "^8.18.0"
      }
    },
    "node_modules/@anthropic-ai/sdk": {
      "version": "0.76.0",
      "resolved": "https://registry.npmjs.org/@anthropic-ai/sdk/-/sdk-0.76.0.tgz",
      "integrity": "sha512-Nycgyfk6EwUnkozG321qNE7Vya46YPm2E0IB0+MmEBNEboOgXblvMmnDb5qNmsxAo9feJzDTFDgxioWwyoIy2g==",
      "license": "MIT",
      "dependencies": {
        "json-schema-to-ts": "^3.1.1"
      },
      "bin": {
        "anthropic-ai-sdk": "bin/cli"
      },
      "peerDependencies": {
        "zod": "^3.25.0 || ^4.0.0"
      },
      "peerDependenciesMeta": {
        "zod": {
          "optional": true
        }
      }
    },
    "node_modules/@babel/runtime": {
      "version": "7.28.6",
      "resolved": "https://registry.npmjs.org/@babel/runtime/-/runtime-7.28.6.tgz",
      "integrity": "sha512-05WQkdpL9COIMz4LjTxGpPNCdlpyimKppYNoJ5Di5EUObifl8t4tuLuUBBZEpoLYOmfvIWrsp9fCl0HoPRVTdA==",
      "license": "MIT",
      "engines": {
        "node": ">=6.9.0"
      }
    },
    "node_modules/dotenv": {
      "version": "17.3.1",
      "resolved": "https://registry.npmjs.org/dotenv/-/dotenv-17.3.1.tgz",
      "integrity": "sha512-IO8C/dzEb6O3F9/twg6ZLXz164a2fhTnEWb95H23Dm4OuN+92NmEAlTrupP9VW6Jm3sO26tQlqyvyi4CsnY9GA==",
      "license": "BSD-2-Clause",
      "engines": {
        "node": ">=12"
      },
      "funding": {
        "url": "https://dotenvx.com"
      }
    },
    "node_modules/json-schema-to-ts": {
      "version": "3.1.1",
      "resolved": "https://registry.npmjs.org/json-schema-to-ts/-/json-schema-to-ts-3.1.1.tgz",
      "integrity": "sha512-+DWg8jCJG2TEnpy7kOm/7/AxaYoaRbjVB4LFZLySZlWn8exGs3A4OLJR966cVvU26N7X9TWxl+Jsw7dzAqKT6g==",
      "license": "MIT",
      "dependencies": {
        "@babel/runtime": "^7.18.3",
        "ts-algebra": "^2.0.0"
      },
      "engines": {
        "node": ">=16"
      }
    },
    "node_modules/ts-algebra": {
      "version": "2.0.0",
      "resolved": "https://registry.npmjs.org/ts-algebra/-/ts-algebra-2.0.0.tgz",
      "integrity": "sha512-FPAhNPFMrkwz76P7cdjdmiShwMynZYN6SgOujD1urY4oNm80Ou9oMdmbR45LotcKOXoy7wSmHkRFE6Mxbrhefw==",
      "license": "MIT"
    },
    "node_modules/ws": {
      "version": "8.19.0",
      "resolved": "https://registry.npmjs.org/ws/-/ws-8.19.0.tgz",
      "integrity": "sha512-blAT2mjOEIi0ZzruJfIhb3nps74PRWTCz1IjglWEEpQl5XS/UNama6u2/rjFkDDouqr4L67ry+1aGIALViWjDg==",
      "license": "MIT",
      "engines": {
        "node": ">=10.0.0"
      },
      "peerDependencies": {
        "bufferutil": "^4.0.1",
        "utf-8-validate": ">=5.0.2"
      },
      "peerDependenciesMeta": {
        "bufferutil": {
          "optional": true
        },
        "utf-8-validate": {
          "optional": true
        }
      }
    }
  }
}
